{
  "projects": [
    {
      "projectId": "ohDidvG9XsCeFumugENU3J",
      "version": "6.36.0",
      "dependencies": {},
      "lang": "ts",
      "fileLocks": [
        {
          "assetId": "ohDidvG9XsCeFumugENU3J",
          "type": "projectCss",
          "checksum": "3f9cfe65194658f53dac7546f4bf0ebe"
        },
        {
          "assetId": "ohDidvG9XsCeFumugENU3J",
          "checksum": "be3f0aaba617feb7e002ecfd303a0f73",
          "type": "globalContexts"
        },
        {
          "assetId": "ohDidvG9XsCeFumugENU3J",
          "checksum": "fb807fe3705f30ea295ebfad5287dd4b",
          "type": "projectModule"
        },
        {
          "assetId": "ohDidvG9XsCeFumugENU3J",
          "checksum": "89d9d71e8cbe5cd52b12e923833f83f8",
          "type": "styleTokensProvider"
        }
      ],
      "codegenVersion": "0.0.3"
    },
    {
      "projectId": "gmeH6XgPaBtkt51HunAo4g",
      "version": "18.30.0",
      "dependencies": {},
      "lang": "ts",
      "fileLocks": [
        {
          "assetId": "gmeH6XgPaBtkt51HunAo4g",
          "type": "projectCss",
          "checksum": "a92f8a81c335659a69443e50fd02af8c"
        },
        {
          "assetId": "gmeH6XgPaBtkt51HunAo4g",
          "checksum": "12432bceef704021122cb8b3d2017760",
          "type": "projectModule"
        },
        {
          "assetId": "gmeH6XgPaBtkt51HunAo4g",
          "checksum": "fe72ba8dfd186001e008f2e95fe60374",
          "type": "styleTokensProvider"
        }
      ],
      "codegenVersion": "0.0.3"
    },
    {
      "projectId": "58GpZjZCWTaJ8AUhpCwt2K",
      "version": "3.34.0",
      "dependencies": {},
      "lang": "ts",
      "fileLocks": [
        {
          "assetId": "58GpZjZCWTaJ8AUhpCwt2K",
          "type": "projectCss",
          "checksum": "10b608311824a80e7c6511951671d9ed"
        },
        {
          "assetId": "58GpZjZCWTaJ8AUhpCwt2K",
          "checksum": "dd1bd3cd83a88e2a0cc47887c2f90093",
          "type": "projectModule"
        },
        {
          "assetId": "58GpZjZCWTaJ8AUhpCwt2K",
          "checksum": "f3e149b979cba0655755409bcb3982a8",
          "type": "styleTokensProvider"
        }
      ],
      "codegenVersion": "0.0.3"
    },
    {
      "projectId": "7nJ7UcFmq9UzB6eXfC5z4a",
      "version": "0.37.0",
      "dependencies": {},
      "lang": "ts",
      "fileLocks": [
        {
          "assetId": "7nJ7UcFmq9UzB6eXfC5z4a",
          "type": "projectCss",
          "checksum": "f19f5b1ff8205c02fd704231628b3a5c"
        },
        {
          "assetId": "7nJ7UcFmq9UzB6eXfC5z4a",
          "checksum": "bd882956589ba7fcd035211989e13120",
          "type": "projectModule"
        },
        {
          "assetId": "7nJ7UcFmq9UzB6eXfC5z4a",
          "checksum": "4611cf0afb68758e6b3b841a2d445b1d",
          "type": "styleTokensProvider"
        }
      ],
      "codegenVersion": "0.0.3"
    },
    {
      "projectId": "tSVYD7duZSHF8JH3NprF3M",
      "version": "latest",
      "dependencies": {
        "7nJ7UcFmq9UzB6eXfC5z4a": "0.37.0",
        "58GpZjZCWTaJ8AUhpCwt2K": "3.34.0",
        "gmeH6XgPaBtkt51HunAo4g": "18.30.0",
        "ohDidvG9XsCeFumugENU3J": "6.36.0"
      },
      "lang": "ts",
      "fileLocks": [
        {
          "type": "globalVariant",
          "assetId": "tu1_FhE_JUim",
          "checksum": "63bb8ad508d036cac6beb53fede7760d"
        },
        {
          "assetId": "tSVYD7duZSHF8JH3NprF3M",
          "type": "projectCss",
          "checksum": "2767a4eea8ed8ccdcb272f15ea12a9a1"
        },
        {
          "assetId": "tSVYD7duZSHF8JH3NprF3M",
          "checksum": "d76894b7e1836835da4691ff45b819fa",
          "type": "globalContexts"
        },
        {
          "assetId": "tSVYD7duZSHF8JH3NprF3M",
          "checksum": "c1ba8e634b319eff0348172d1047b51a",
          "type": "projectModule"
        },
        {
          "assetId": "tSVYD7duZSHF8JH3NprF3M",
          "checksum": "90325e1d6cd3d37893d32c839be03475",
          "type": "styleTokensProvider"
        },
        {
          "type": "renderModule",
          "assetId": "fScKjnnNkiai",
          "checksum": "19716a775e9134ab19cae7aba3c1d205"
        },
        {
          "type": "cssRules",
          "assetId": "fScKjnnNkiai",
          "checksum": "19716a775e9134ab19cae7aba3c1d205"
        },
        {
          "type": "renderModule",
          "assetId": "_RDXqMNqi2md",
          "checksum": "43611ab53ab32815fbcfbbcf589f932a"
        },
        {
          "type": "cssRules",
          "assetId": "_RDXqMNqi2md",
          "checksum": "43611ab53ab32815fbcfbbcf589f932a"
        },
        {
          "type": "renderModule",
          "assetId": "UvvhO7GYaiHb",
          "checksum": "ad5b3f378e6ecbd14357dac6cae92877"
        },
        {
          "type": "cssRules",
          "assetId": "UvvhO7GYaiHb",
          "checksum": "ad5b3f378e6ecbd14357dac6cae92877"
        },
        {
          "type": "renderModule",
          "assetId": "Hl2LUwimiufj",
          "checksum": "933f4cf4f944fb9b7e34f98afd3694e0"
        },
        {
          "type": "cssRules",
          "assetId": "Hl2LUwimiufj",
          "checksum": "933f4cf4f944fb9b7e34f98afd3694e0"
        },
        {
          "type": "renderModule",
          "assetId": "ul0ny5BBDXt2",
          "checksum": "dd7da3ecb0a8eb839fb725eb1768b7e9"
        },
        {
          "type": "cssRules",
          "assetId": "ul0ny5BBDXt2",
          "checksum": "dd7da3ecb0a8eb839fb725eb1768b7e9"
        },
        {
          "type": "renderModule",
          "assetId": "95I3Dq6KOiMm",
          "checksum": "3fabf41c8adfb09d782f27f2761bcdc6"
        },
        {
          "type": "cssRules",
          "assetId": "95I3Dq6KOiMm",
          "checksum": "3fabf41c8adfb09d782f27f2761bcdc6"
        },
        {
          "type": "renderModule",
          "assetId": "iHOlpd3EydS7",
          "checksum": "49016b3e7c327ae9adc30535301841c5"
        },
        {
          "type": "cssRules",
          "assetId": "iHOlpd3EydS7",
          "checksum": "49016b3e7c327ae9adc30535301841c5"
        },
        {
          "type": "renderModule",
          "assetId": "vrdOk3RRPsdv",
          "checksum": "71f5c38e199cbdf22b988a8821f10821"
        },
        {
          "type": "cssRules",
          "assetId": "vrdOk3RRPsdv",
          "checksum": "71f5c38e199cbdf22b988a8821f10821"
        },
        {
          "type": "renderModule",
          "assetId": "HKMFjL4HWehd",
          "checksum": "827a827236f30ae16005272b29b553f5"
        },
        {
          "type": "cssRules",
          "assetId": "HKMFjL4HWehd",
          "checksum": "827a827236f30ae16005272b29b553f5"
        },
        {
          "type": "icon",
          "assetId": "vtG6ZauMxpmm",
          "checksum": "aaff73d9c3f9e1d003aa08fce25b2ad2"
        },
        {
          "type": "icon",
          "assetId": "-SAtKUICsV-n",
          "checksum": "836512162cd212fedeb8b3565167b0e9"
        },
        {
          "type": "icon",
          "assetId": "e7uuTAsQxQVq",
          "checksum": "dd55eb6df8784278f979b2e9fd3a021d"
        },
        {
          "type": "icon",
          "assetId": "TFm7Oq2Bxu90",
          "checksum": "996cc30aea4c10e04ed3d97bdfe3e6b3"
        },
        {
          "type": "icon",
          "assetId": "ED0wjZ0vzfin",
          "checksum": "dee942054b470ea33a93f1519fcba253"
        },
        {
          "type": "icon",
          "assetId": "W69wZXgdeakF",
          "checksum": "8a5b13b51efac8adb35f09d196c7a00e"
        },
        {
          "type": "icon",
          "assetId": "dgFVv-W8xsvI",
          "checksum": "87f2b4d9c07c7e327c973f3486939278"
        },
        {
          "type": "icon",
          "assetId": "Vx1p_zFqthkI",
          "checksum": "0bdc86ef564bd239f4a46193bd003296"
        },
        {
          "type": "icon",
          "assetId": "TGgoxIwMxx7-",
          "checksum": "cee494f574ac0f2ee92304769bb84915"
        },
        {
          "type": "icon",
          "assetId": "vqYEwNE5d-k5",
          "checksum": "12a2957a94dc70d39d92f4e431580847"
        },
        {
          "type": "icon",
          "assetId": "KFTPcwoOEfET",
          "checksum": "9ccb1bc2be3e6c38c151b5ebe6c484cc"
        },
        {
          "type": "icon",
          "assetId": "uVvWtilXKj1g",
          "checksum": "dda6f6645401827bffc3e014b73aa7f2"
        },
        {
          "type": "icon",
          "assetId": "YJoBIOmLsEUW",
          "checksum": "b941343b78c0bfad17afd1c097e4dcc8"
        },
        {
          "type": "icon",
          "assetId": "QOlmOrmyB-2D",
          "checksum": "a210add027830381d8c470bd5ec80c10"
        },
        {
          "type": "icon",
          "assetId": "G2IkXRBQqDaD",
          "checksum": "e4757eb1869f7345aadb07dc83f5285f"
        },
        {
          "type": "icon",
          "assetId": "lF4WmGykYiiC",
          "checksum": "3d93ba7363d911f17bb6c4cccefdaecd"
        },
        {
          "type": "icon",
          "assetId": "EBT4PbUKTijj",
          "checksum": "88c132b18e100761a450d35562defd58"
        },
        {
          "type": "icon",
          "assetId": "OwH2Bistf0rB",
          "checksum": "2fc068ca5da817b4e06068792034eaae"
        },
        {
          "type": "image",
          "assetId": "ubiop9LOIpKu",
          "checksum": "67812f47448ad83d8de9a13bce3e5e44"
        },
        {
          "type": "image",
          "assetId": "r4X_YK07r3mh",
          "checksum": "f433dab81d28da3aff3e3fecd961a50c"
        },
        {
          "type": "image",
          "assetId": "2j29PMhklqko",
          "checksum": "6da8467ba4ad395a6c7fe23b41e60d0a"
        },
        {
          "type": "image",
          "assetId": "70qL6r1CiVPV",
          "checksum": "3eb38a9996ec65a70bcafb6ffde897f6"
        },
        {
          "type": "image",
          "assetId": "5Oen33y5V10s",
          "checksum": "be05d3cc422b24364ffd77fdfe265caf"
        },
        {
          "type": "image",
          "assetId": "-vHcbGLPecrP",
          "checksum": "00ca5de5eaebe7a005fb0857b515d7e3"
        },
        {
          "type": "image",
          "assetId": "uU3C0PBRNLKv",
          "checksum": "60239ab0138aa0f0cb0d22b65c85def2"
        },
        {
          "type": "image",
          "assetId": "HQ5DQGJ1VBkH",
          "checksum": "f2385ea2661593ff95100b3dbbc14704"
        },
        {
          "type": "image",
          "assetId": "OR7YR3jS8xab",
          "checksum": "392e01863f65086f3c0240c57cb459ab"
        },
        {
          "type": "image",
          "assetId": "WMhte0AqecSt",
          "checksum": "9a1e17ce8c5c4b968d78f1af273b0ea0"
        },
        {
          "type": "image",
          "assetId": "6xsA7pmzEHxG",
          "checksum": "4dedd30d3846b6e7c48d6433a8af315d"
        },
        {
          "type": "image",
          "assetId": "X0ieEiWLrcY-",
          "checksum": "1fcce2747db77d1203c5b9ab94940db2"
        },
        {
          "type": "image",
          "assetId": "uit-MHoNF4lC",
          "checksum": "5732148761736e6d553ca90786af3702"
        },
        {
          "type": "image",
          "assetId": "kBWtLwUGTQpZ",
          "checksum": "2a9af185378284727a468c85e06bf9da"
        },
        {
          "type": "image",
          "assetId": "H3nNnCP4PrWA",
          "checksum": "7c6e95da2ad9fe77252a68efff7884f0"
        },
        {
          "type": "image",
          "assetId": "s3ozyGR-vnGW",
          "checksum": "58f96e030f5f5f6bbbcf87f798230cef"
        },
        {
          "type": "image",
          "assetId": "P7LfGt-D_DAc",
          "checksum": "b45c545f091bd956b9d330d9a0e8719c"
        },
        {
          "type": "image",
          "assetId": "2zw2vIfJM7Vh",
          "checksum": "99b5e856ce2348f707519126efb192c3"
        },
        {
          "type": "image",
          "assetId": "ciRHpZrG5kmN",
          "checksum": "3c35830c6ab34a4fff1d4766239240e5"
        },
        {
          "type": "image",
          "assetId": "o4-Uc4VlfL0K",
          "checksum": "4c7b80ddec63ec7ec58102e28992fdab"
        },
        {
          "type": "image",
          "assetId": "oC3pDQ4hIN6U",
          "checksum": "080ff3581a2c97056c52296297215859"
        },
        {
          "type": "image",
          "assetId": "nLwH8WvMfGB9",
          "checksum": "cc2e23f6d28ff48742ad92d12c677902"
        },
        {
          "type": "image",
          "assetId": "5D1glMi9o6KG",
          "checksum": "c342e085cceafb261e8a7f57942f9ab5"
        },
        {
          "type": "image",
          "assetId": "RWiZyjhx1BFF",
          "checksum": "dbbca55c6206cfc9f6c4e39c50d4c44c"
        },
        {
          "type": "image",
          "assetId": "a12CMJKt3ijp",
          "checksum": "6f1698e499cf0a9e984f84e0dcc05759"
        },
        {
          "type": "image",
          "assetId": "R8y7NdEQLyUI",
          "checksum": "06c7a31943925b9b2a0a214c3b78fbd0"
        },
        {
          "type": "image",
          "assetId": "7-iDqI2M34cW",
          "checksum": "e14923884916998b5a8ab87d964bd3de"
        },
        {
          "type": "image",
          "assetId": "UuSiOkHpvQll",
          "checksum": "9cc338b0eec1da9f01f450aacea42d0f"
        },
        {
          "type": "image",
          "assetId": "ItvnGQoNIfap",
          "checksum": "52f4b5979d4d74171623c61ca09da15f"
        },
        {
          "type": "image",
          "assetId": "jKyRsXyP157C",
          "checksum": "d7de9872322514355abfaac4c39416fb"
        },
        {
          "type": "image",
          "assetId": "qiT2j1pg7k38",
          "checksum": "a41fd5d3084a6838f59cbc144de83fb1"
        },
        {
          "type": "image",
          "assetId": "iuyuC49P0X1D",
          "checksum": "760a022473d7352b1418e9352cbabfd0"
        },
        {
          "type": "image",
          "assetId": "hihPfIKt-8OD",
          "checksum": "b5a1ad39b0c20457d2eaf3d84d90a8f3"
        },
        {
          "type": "image",
          "assetId": "Voq7HwWg1J6I",
          "checksum": "9beb1db6078e91e360d7478db91b40af"
        },
        {
          "type": "image",
          "assetId": "Ehiphz18NYeG",
          "checksum": "684d3431dd1e31e033a7b33bcf7daa8c"
        },
        {
          "type": "image",
          "assetId": "oNvBlFJ_oHu0",
          "checksum": "ab113488d7dbc2135c0dfb7500f32f68"
        },
        {
          "type": "image",
          "assetId": "1V1jyTCV4NZi",
          "checksum": "4780952d052c22af3031125e69ee6ef1"
        },
        {
          "type": "image",
          "assetId": "B2NFbd7noS9j",
          "checksum": "dbbfc7b2529c96c4bfaa4270c5163ae2"
        },
        {
          "type": "image",
          "assetId": "sBu_b89sB0CT",
          "checksum": "78e97825e66d069b9109ed9f00888131"
        },
        {
          "type": "image",
          "assetId": "--V5uBQ0a0x-",
          "checksum": "cf8bf401c80d84b36b5bf22aa3bd0224"
        },
        {
          "type": "image",
          "assetId": "ZSpsHwIupkB1",
          "checksum": "f7c0f196cd45eafdad87dd169e918c8e"
        },
        {
          "type": "image",
          "assetId": "LRwcRd6mdXCE",
          "checksum": "df8d743fc2f4b5138bcfb9f4513872a4"
        },
        {
          "type": "image",
          "assetId": "3h1rrmLL8fIY",
          "checksum": "51d5ed9abeaf0ab9cdb572729f3e28ec"
        },
        {
          "type": "image",
          "assetId": "BtN9XNqAoe-y",
          "checksum": "dabec117f684a522cfb5deb201579fba"
        },
        {
          "type": "image",
          "assetId": "YULeWWdlYLoA",
          "checksum": "8ed966403ae960c4d198ec56a88532a3"
        },
        {
          "type": "image",
          "assetId": "tpskvqJ0uru8",
          "checksum": "cde830612c431be22d710c31229ca57b"
        },
        {
          "type": "image",
          "assetId": "Eeb4Kbl4EsME",
          "checksum": "c4f69d6b439e2428841cbfa2baaa657a"
        },
        {
          "type": "image",
          "assetId": "gRUll37k9oi3",
          "checksum": "4eea54ca4fed687f8b3fa573f3256174"
        },
        {
          "type": "image",
          "assetId": "E-HZ5X27Y_xD",
          "checksum": "5b0da7b3cd2bbb74d44bf6bcc7cd5dbb"
        },
        {
          "type": "image",
          "assetId": "263Vsw3Vv-af",
          "checksum": "5e398245c7d145dd4ea690783be0fe48"
        },
        {
          "type": "image",
          "assetId": "W--MOkJ9r7fX",
          "checksum": "dd85c3754a90bc9ce046da87d5f428f3"
        },
        {
          "type": "image",
          "assetId": "v7vsMC8ndQic",
          "checksum": "3e55218ec773e87a39b4dc052c2da4fa"
        },
        {
          "type": "image",
          "assetId": "jIIwLYSsVTo_",
          "checksum": "2ee5e104fc1ba322e713a86325d69066"
        },
        {
          "type": "image",
          "assetId": "DABfQYNe7gii",
          "checksum": "222155a9e5667c0b70b12c9e8d1c5794"
        },
        {
          "type": "image",
          "assetId": "S5X7N-YvHN9K",
          "checksum": "4e419b36e63b9a8273b8738249b4d700"
        },
        {
          "type": "image",
          "assetId": "Gh0Ef2thuROV",
          "checksum": "1b905d6d9b40de8011362879cfb96959"
        },
        {
          "type": "image",
          "assetId": "-4modH84PIYk",
          "checksum": "8dcca7fa37892f962d465a6231337c3b"
        },
        {
          "type": "image",
          "assetId": "KppMqJc1-bYI",
          "checksum": "db4eb3b4d5dc99ad5535e5eb0a069788"
        },
        {
          "type": "image",
          "assetId": "bkGze-yE58_V",
          "checksum": "f3aa80603f6e2fdc37df7df04fb27982"
        },
        {
          "type": "image",
          "assetId": "IR0_SRTMnLeI",
          "checksum": "e65b924957ef33e0780d692618a14e8c"
        },
        {
          "type": "image",
          "assetId": "ta9FLJ2Pczvc",
          "checksum": "79a086650332ee9050f2630cf3e9a96c"
        },
        {
          "type": "image",
          "assetId": "Lu-kcfdlicjR",
          "checksum": "cb5fc4fe318c83563fb2a5826dffb271"
        },
        {
          "type": "image",
          "assetId": "qSP5HDC9R7Iu",
          "checksum": "25af38ebd9d7facdc0b6b6149eaad8ef"
        },
        {
          "type": "image",
          "assetId": "MOCMg7p9YmzS",
          "checksum": "859bcad4194d71674065b257b284e4fa"
        },
        {
          "type": "image",
          "assetId": "0xWFrDNkCe5s",
          "checksum": "e9ae393000d6b1c4bdb8fc4802c58ecb"
        },
        {
          "type": "image",
          "assetId": "0E4MUnDE_00G",
          "checksum": "a484ed717e331716edc2add52fbaccbd"
        },
        {
          "type": "image",
          "assetId": "11GtZK2Y1ubB",
          "checksum": "24be96870360fa5f8473a022830b47d4"
        },
        {
          "type": "image",
          "assetId": "yJ-NisCiUtiW",
          "checksum": "195a05def3aa8b3dd598ee21dc7e4e63"
        },
        {
          "type": "image",
          "assetId": "Sodt9sTqPRDb",
          "checksum": "fa3a56e43e46c1e3d738c6711cfe3afb"
        },
        {
          "type": "image",
          "assetId": "Si2gzf3pETJv",
          "checksum": "a4566423f0f5b556219629b34daea9cb"
        },
        {
          "type": "image",
          "assetId": "CziSEJQUNJ-R",
          "checksum": "2d8e86db18631f818ef2123e22d5cf46"
        },
        {
          "type": "image",
          "assetId": "2zT9c6PYoYRv",
          "checksum": "2d0ffe41d7fcbe32e89f6fb8f3ef32d4"
        },
        {
          "type": "image",
          "assetId": "yeiVg43OvgFW",
          "checksum": "724f62d30da9cb37bcb13e2d08f1506c"
        },
        {
          "type": "image",
          "assetId": "URE-TAyFforW",
          "checksum": "881cce0a455b845579ac1c9d59ebc64a"
        },
        {
          "type": "image",
          "assetId": "yZro5u1WOnzc",
          "checksum": "c7e43d1aa5bd9302a62639224c79e446"
        },
        {
          "type": "image",
          "assetId": "ybXJEebF5ZFh",
          "checksum": "0393731513fc81b30b5da92babb5c2a4"
        },
        {
          "type": "image",
          "assetId": "9j8s4jVjX6Hs",
          "checksum": "0d2f440ae0a23b7207e3ee125f46ad05"
        },
        {
          "type": "image",
          "assetId": "ODrx63GXxCXu",
          "checksum": "6fcff20c26654569ddbae5fc662ad9ed"
        },
        {
          "type": "image",
          "assetId": "vgjAJJmdmZTt",
          "checksum": "b26c91bd9943d0569d7d70fb86ab365b"
        },
        {
          "type": "image",
          "assetId": "LnXqSwtZYgyp",
          "checksum": "29ec6ef790fd0e22b4c287ffe5b645a8"
        },
        {
          "type": "image",
          "assetId": "cDseag1YmpTW",
          "checksum": "02baa89e480a241a96d86ce35afd535a"
        },
        {
          "type": "image",
          "assetId": "5Xgg3-h3IcVX",
          "checksum": "3df6e8a0aab3f7463012ca78396569e0"
        },
        {
          "type": "image",
          "assetId": "7vsbc_EnZ9oP",
          "checksum": "611e2f70a622640cc93f607a50130608"
        },
        {
          "type": "image",
          "assetId": "JCDkJxkOMNgI",
          "checksum": "4e0bb1bfad825dfa9c825908940c3bf9"
        },
        {
          "type": "image",
          "assetId": "b1u-YBGpP56w",
          "checksum": "6523d355a3bd89524be1c2a9b3882d9c"
        },
        {
          "type": "image",
          "assetId": "INsoTIgEi_Eq",
          "checksum": "cb403e1d0ee345b48bac5b05e6808ac7"
        },
        {
          "type": "image",
          "assetId": "ZG8sQuRXsGJN",
          "checksum": "80e49518f84e407a672696f9c9edb28c"
        },
        {
          "type": "image",
          "assetId": "_A5gpwSivreq",
          "checksum": "f78c1c54d03e81152526e706d101130e"
        },
        {
          "type": "image",
          "assetId": "G_pE-3M21Hwo",
          "checksum": "0a9d256c9d056921e89e56a420200ec8"
        }
      ],
      "codegenVersion": "0.0.3"
    }
  ],
  "cliVersion": "0.1.361"
}
